<?xml version="1.0" encoding="utf-8"?>
<Project ToolsVersion="4.0" xmlns="http://schemas.microsoft.com/developer/msbuild/2003">
  <ItemGroup>
    <Filter Include="소스 파일">
      <UniqueIdentifier>{4FC737F1-C7A5-4376-A066-2A32D752A2FF}</UniqueIdentifier>
      <Extensions>cpp;c;cc;cxx;c++;cppm;ixx;def;odl;idl;hpj;bat;asm;asmx</Extensions>
    </Filter>
    <Filter Include="헤더 파일">
      <UniqueIdentifier>{93995380-89BD-4b04-88EB-625FBE52EBFB}</UniqueIdentifier>
      <Extensions>h;hh;hpp;hxx;h++;hm;inl;inc;ipp;xsd</Extensions>
    </Filter>
    <Filter Include="리소스 파일">
      <UniqueIdentifier>{67DA6AB6-F800-4c08-8B7A-83BB121AAD01}</UniqueIdentifier>
      <Extensions>rc;ico;cur;bmp;dlg;rc2;rct;bin;rgs;gif;jpg;jpeg;jpe;resx;tiff;tif;png;wav;mfcribbon-ms</Extensions>
    </Filter>
    <Filter Include="소스 파일\Utils">
      <UniqueIdentifier>{eebf61e9-4533-4ade-be61-1a2fb84dad8c}</UniqueIdentifier>
    </Filter>
    <Filter Include="소스 파일\server">
      <UniqueIdentifier>{8443fe57-e2e3-4b9d-a9c3-b8a3390610fc}</UniqueIdentifier>
    </Filter>
    <Filter Include="소스 파일\clientHandler">
      <UniqueIdentifier>{1d3aee47-8acb-43fc-9836-b9aa521965e4}</UniqueIdentifier>
    </Filter>
    <Filter Include="소스 파일\exceptions">
      <UniqueIdentifier>{e8d4a5da-3e87-49c5-a92d-d6412b792aa7}</UniqueIdentifier>
    </Filter>
    <Filter Include="소스 파일\communicate">
      <UniqueIdentifier>{e8658551-f48a-4411-8bdd-11202530d5d7}</UniqueIdentifier>
    </Filter>
  </ItemGroup>
  <ItemGroup>
    <ClCompile Include="main.cpp">
      <Filter>소스 파일</Filter>
    </ClCompile>
    <ClCompile Include="dbUtils.cpp">
      <Filter>소스 파일\Utils</Filter>
    </ClCompile>
    <ClCompile Include="server.cpp">
      <Filter>소스 파일\server</Filter>
    </ClCompile>
    <ClCompile Include="clientHandler.cpp">
      <Filter>소스 파일\clientHandler</Filter>
    </ClCompile>
    <ClCompile Include="Protocol.cpp">
      <Filter>소스 파일\communicate</Filter>
    </ClCompile>
    <ClCompile Include="login.cpp">
      <Filter>소스 파일\communicate</Filter>
    </ClCompile>
  </ItemGroup>
  <ItemGroup>
    <ClInclude Include="Protocol.h">
      <Filter>소스 파일\communicate</Filter>
    </ClInclude>
    <ClInclude Include="clientHandler.h">
      <Filter>소스 파일\clientHandler</Filter>
    </ClInclude>
    <ClInclude Include="dbUtils.h">
      <Filter>소스 파일\Utils</Filter>
    </ClInclude>
    <ClInclude Include="exceptions.h">
      <Filter>소스 파일\exceptions</Filter>
    </ClInclude>
    <ClInclude Include="login.h">
      <Filter>소스 파일\communicate</Filter>
    </ClInclude>
    <ClInclude Include="server.h">
      <Filter>소스 파일\server</Filter>
    </ClInclude>
  </ItemGroup>
</Project>