
Microsoft Visual Studio Solution File, Format Version 12.00
# Visual Studio Version 16
Project("{8BC9CEB8-8B4A-11D0-8D11-00A0C91BC942}") = "ALL_BUILD", "ALL_BUILD.vcxproj", "{199E02F6-AFEA-338A-9579-5766FF3399D9}"
	ProjectSection(ProjectDependencies) = postProject
		{0CC5C530-2DD4-308A-9192-01A8E14E37E8} = {0CC5C530-2DD4-308A-9192-01A8E14E37E8}
		{58B8941C-44E1-30F0-A66F-44A347731EE0} = {58B8941C-44E1-30F0-A66F-44A347731EE0}
		{9B4B4166-5B77-3BD1-9190-E432B66C737E} = {9B4B4166-5B77-3BD1-9190-E432B66C737E}
	EndProjectSection
EndProject
Project("{8BC9CEB8-8B4A-11D0-8D11-00A0C91BC942}") = "INSTALL", "INSTALL.vcxproj", "{B637F53B-79ED-349F-A0C2-082D9DE588F9}"
	ProjectSection(ProjectDependencies) = postProject
		{199E02F6-AFEA-338A-9579-5766FF3399D9} = {199E02F6-AFEA-338A-9579-5766FF3399D9}
		{0CC5C530-2DD4-308A-9192-01A8E14E37E8} = {0CC5C530-2DD4-308A-9192-01A8E14E37E8}
	EndProjectSection
EndProject
Project("{8BC9CEB8-8B4A-11D0-8D11-00A0C91BC942}") = "PACKAGE", "PACKAGE.vcxproj", "{AE9DAC15-E3BF-31D9-8565-64CA663D3E5E}"
	ProjectSection(ProjectDependencies) = postProject
		{199E02F6-AFEA-338A-9579-5766FF3399D9} = {199E02F6-AFEA-338A-9579-5766FF3399D9}
		{0CC5C530-2DD4-308A-9192-01A8E14E37E8} = {0CC5C530-2DD4-308A-9192-01A8E14E37E8}
	EndProjectSection
EndProject
Project("{8BC9CEB8-8B4A-11D0-8D11-00A0C91BC942}") = "RUN_TESTS", "RUN_TESTS.vcxproj", "{78A0CCB5-41C2-3230-BE32-F3B62126BF36}"
	ProjectSection(ProjectDependencies) = postProject
		{0CC5C530-2DD4-308A-9192-01A8E14E37E8} = {0CC5C530-2DD4-308A-9192-01A8E14E37E8}
	EndProjectSection
EndProject
Project("{8BC9CEB8-8B4A-11D0-8D11-00A0C91BC942}") = "ZERO_CHECK", "ZERO_CHECK.vcxproj", "{0CC5C530-2DD4-308A-9192-01A8E14E37E8}"
	ProjectSection(ProjectDependencies) = postProject
	EndProjectSection
EndProject
Project("{8BC9CEB8-8B4A-11D0-8D11-00A0C91BC942}") = "hiredis", "hiredis.vcxproj", "{58B8941C-44E1-30F0-A66F-44A347731EE0}"
	ProjectSection(ProjectDependencies) = postProject
		{0CC5C530-2DD4-308A-9192-01A8E14E37E8} = {0CC5C530-2DD4-308A-9192-01A8E14E37E8}
	EndProjectSection
EndProject
Project("{8BC9CEB8-8B4A-11D0-8D11-00A0C91BC942}") = "hiredis-test", "hiredis-test.vcxproj", "{9B4B4166-5B77-3BD1-9190-E432B66C737E}"
	ProjectSection(ProjectDependencies) = postProject
		{0CC5C530-2DD4-308A-9192-01A8E14E37E8} = {0CC5C530-2DD4-308A-9192-01A8E14E37E8}
		{58B8941C-44E1-30F0-A66F-44A347731EE0} = {58B8941C-44E1-30F0-A66F-44A347731EE0}
	EndProjectSection
EndProject
Global
	GlobalSection(SolutionConfigurationPlatforms) = preSolution
		Debug|x64 = Debug|x64
		Release|x64 = Release|x64
		MinSizeRel|x64 = MinSizeRel|x64
		RelWithDebInfo|x64 = RelWithDebInfo|x64
	EndGlobalSection
	GlobalSection(ProjectConfigurationPlatforms) = postSolution
		{199E02F6-AFEA-338A-9579-5766FF3399D9}.Debug|x64.ActiveCfg = Debug|x64
		{199E02F6-AFEA-338A-9579-5766FF3399D9}.Debug|x64.Build.0 = Debug|x64
		{199E02F6-AFEA-338A-9579-5766FF3399D9}.Release|x64.ActiveCfg = Release|x64
		{199E02F6-AFEA-338A-9579-5766FF3399D9}.Release|x64.Build.0 = Release|x64
		{199E02F6-AFEA-338A-9579-5766FF3399D9}.MinSizeRel|x64.ActiveCfg = MinSizeRel|x64
		{199E02F6-AFEA-338A-9579-5766FF3399D9}.MinSizeRel|x64.Build.0 = MinSizeRel|x64
		{199E02F6-AFEA-338A-9579-5766FF3399D9}.RelWithDebInfo|x64.ActiveCfg = RelWithDebInfo|x64
		{199E02F6-AFEA-338A-9579-5766FF3399D9}.RelWithDebInfo|x64.Build.0 = RelWithDebInfo|x64
		{B637F53B-79ED-349F-A0C2-082D9DE588F9}.Debug|x64.ActiveCfg = Debug|x64
		{B637F53B-79ED-349F-A0C2-082D9DE588F9}.Release|x64.ActiveCfg = Release|x64
		{B637F53B-79ED-349F-A0C2-082D9DE588F9}.MinSizeRel|x64.ActiveCfg = MinSizeRel|x64
		{B637F53B-79ED-349F-A0C2-082D9DE588F9}.RelWithDebInfo|x64.ActiveCfg = RelWithDebInfo|x64
		{AE9DAC15-E3BF-31D9-8565-64CA663D3E5E}.Debug|x64.ActiveCfg = Debug|x64
		{AE9DAC15-E3BF-31D9-8565-64CA663D3E5E}.Release|x64.ActiveCfg = Release|x64
		{AE9DAC15-E3BF-31D9-8565-64CA663D3E5E}.MinSizeRel|x64.ActiveCfg = MinSizeRel|x64
		{AE9DAC15-E3BF-31D9-8565-64CA663D3E5E}.RelWithDebInfo|x64.ActiveCfg = RelWithDebInfo|x64
		{78A0CCB5-41C2-3230-BE32-F3B62126BF36}.Debug|x64.ActiveCfg = Debug|x64
		{78A0CCB5-41C2-3230-BE32-F3B62126BF36}.Release|x64.ActiveCfg = Release|x64
		{78A0CCB5-41C2-3230-BE32-F3B62126BF36}.MinSizeRel|x64.ActiveCfg = MinSizeRel|x64
		{78A0CCB5-41C2-3230-BE32-F3B62126BF36}.RelWithDebInfo|x64.ActiveCfg = RelWithDebInfo|x64
		{0CC5C530-2DD4-308A-9192-01A8E14E37E8}.Debug|x64.ActiveCfg = Debug|x64
		{0CC5C530-2DD4-308A-9192-01A8E14E37E8}.Debug|x64.Build.0 = Debug|x64
		{0CC5C530-2DD4-308A-9192-01A8E14E37E8}.Release|x64.ActiveCfg = Release|x64
		{0CC5C530-2DD4-308A-9192-01A8E14E37E8}.Release|x64.Build.0 = Release|x64
		{0CC5C530-2DD4-308A-9192-01A8E14E37E8}.MinSizeRel|x64.ActiveCfg = MinSizeRel|x64
		{0CC5C530-2DD4-308A-9192-01A8E14E37E8}.MinSizeRel|x64.Build.0 = MinSizeRel|x64
		{0CC5C530-2DD4-308A-9192-01A8E14E37E8}.RelWithDebInfo|x64.ActiveCfg = RelWithDebInfo|x64
		{0CC5C530-2DD4-308A-9192-01A8E14E37E8}.RelWithDebInfo|x64.Build.0 = RelWithDebInfo|x64
		{58B8941C-44E1-30F0-A66F-44A347731EE0}.Debug|x64.ActiveCfg = Debug|x64
		{58B8941C-44E1-30F0-A66F-44A347731EE0}.Debug|x64.Build.0 = Debug|x64
		{58B8941C-44E1-30F0-A66F-44A347731EE0}.Release|x64.ActiveCfg = Release|x64
		{58B8941C-44E1-30F0-A66F-44A347731EE0}.Release|x64.Build.0 = Release|x64
		{58B8941C-44E1-30F0-A66F-44A347731EE0}.MinSizeRel|x64.ActiveCfg = MinSizeRel|x64
		{58B8941C-44E1-30F0-A66F-44A347731EE0}.MinSizeRel|x64.Build.0 = MinSizeRel|x64
		{58B8941C-44E1-30F0-A66F-44A347731EE0}.RelWithDebInfo|x64.ActiveCfg = RelWithDebInfo|x64
		{58B8941C-44E1-30F0-A66F-44A347731EE0}.RelWithDebInfo|x64.Build.0 = RelWithDebInfo|x64
		{9B4B4166-5B77-3BD1-9190-E432B66C737E}.Debug|x64.ActiveCfg = Debug|x64
		{9B4B4166-5B77-3BD1-9190-E432B66C737E}.Debug|x64.Build.0 = Debug|x64
		{9B4B4166-5B77-3BD1-9190-E432B66C737E}.Release|x64.ActiveCfg = Release|x64
		{9B4B4166-5B77-3BD1-9190-E432B66C737E}.Release|x64.Build.0 = Release|x64
		{9B4B4166-5B77-3BD1-9190-E432B66C737E}.MinSizeRel|x64.ActiveCfg = MinSizeRel|x64
		{9B4B4166-5B77-3BD1-9190-E432B66C737E}.MinSizeRel|x64.Build.0 = MinSizeRel|x64
		{9B4B4166-5B77-3BD1-9190-E432B66C737E}.RelWithDebInfo|x64.ActiveCfg = RelWithDebInfo|x64
		{9B4B4166-5B77-3BD1-9190-E432B66C737E}.RelWithDebInfo|x64.Build.0 = RelWithDebInfo|x64
	EndGlobalSection
	GlobalSection(ExtensibilityGlobals) = postSolution
		SolutionGuid = {804BADAE-2728-3024-BADA-ED051A232A92}
	EndGlobalSection
	GlobalSection(ExtensibilityAddIns) = postSolution
	EndGlobalSection
EndGlobal
